// !$*UTF8*$!
{
	archiveVersion = 1;
	classes = {
	};
	objectVersion = 56;
	objects = {

/* Begin PBXBuildFile section */
		245699432B29A140004A5A32 /* AppDelegate.swift in Sources */ = {isa = PBXBuildFile; fileRef = 245699422B29A140004A5A32 /* AppDelegate.swift */; };
		245699452B29A140004A5A32 /* SceneDelegate.swift in Sources */ = {isa = PBXBuildFile; fileRef = 245699442B29A140004A5A32 /* SceneDelegate.swift */; };
		245699472B29A140004A5A32 /* ViewController.swift in Sources */ = {isa = PBXBuildFile; fileRef = 245699462B29A140004A5A32 /* ViewController.swift */; };
		2456994C2B29A141004A5A32 /* Assets.xcassets in Resources */ = {isa = PBXBuildFile; fileRef = 2456994B2B29A141004A5A32 /* Assets.xcassets */; };
		2456994F2B29A141004A5A32 /* LaunchScreen.storyboard in Resources */ = {isa = PBXBuildFile; fileRef = 2456994D2B29A141004A5A32 /* LaunchScreen.storyboard */; };
		246BCBAB2B29A4A800C88352 /* LogoControl.swift in Sources */ = {isa = PBXBuildFile; fileRef = 246BCBAA2B29A4A800C88352 /* LogoControl.swift */; };
		24A94EE42B2A2BDC007DC1A3 /* SwitchControl.swift in Sources */ = {isa = PBXBuildFile; fileRef = 24A94EE32B2A2BDC007DC1A3 /* SwitchControl.swift */; };
		24A94EEB2B2B2369007DC1A3 /* CGSize+Extensions.swift in Sources */ = {isa = PBXBuildFile; fileRef = 24A94EEA2B2B2369007DC1A3 /* CGSize+Extensions.swift */; };
		24A94EED2B2B2378007DC1A3 /* CGPoint+Extensions.swift in Sources */ = {isa = PBXBuildFile; fileRef = 24A94EEC2B2B2378007DC1A3 /* CGPoint+Extensions.swift */; };
		24A94EEF2B2B23FC007DC1A3 /* UIColor+Extensions.swift in Sources */ = {isa = PBXBuildFile; fileRef = 24A94EEE2B2B23FC007DC1A3 /* UIColor+Extensions.swift */; };
		24AB933C2B2B4BEE007D1DD3 /* LogoControl+BackgroundColorPicker.swift in Sources */ = {isa = PBXBuildFile; fileRef = 24AB933B2B2B4BEE007D1DD3 /* LogoControl+BackgroundColorPicker.swift */; };
		24AB933E2B2B4C23007D1DD3 /* LogoControl+BackgroundColorControl.swift in Sources */ = {isa = PBXBuildFile; fileRef = 24AB933D2B2B4C23007D1DD3 /* LogoControl+BackgroundColorControl.swift */; };
		24AB93402B2B4C56007D1DD3 /* LogoControl+FontControl.swift in Sources */ = {isa = PBXBuildFile; fileRef = 24AB933F2B2B4C56007D1DD3 /* LogoControl+FontControl.swift */; };
		24AB93422B2B4CA4007D1DD3 /* LogoControl+ImageControl.swift in Sources */ = {isa = PBXBuildFile; fileRef = 24AB93412B2B4CA4007D1DD3 /* LogoControl+ImageControl.swift */; };
		24AB93442B2BC1C5007D1DD3 /* BaseView.swift in Sources */ = {isa = PBXBuildFile; fileRef = 24AB93432B2BC1C5007D1DD3 /* BaseView.swift */; };
		24AB934B2B2C5CFF007D1DD3 /* LogoControl+ImagePicker.swift in Sources */ = {isa = PBXBuildFile; fileRef = 24AB934A2B2C5CFF007D1DD3 /* LogoControl+ImagePicker.swift */; };
		24D334192B29B17D00083CCF /* TeamSpaceLogo.swift in Sources */ = {isa = PBXBuildFile; fileRef = 24D334182B29B17D00083CCF /* TeamSpaceLogo.swift */; };
		24D3341B2B29B18F00083CCF /* ProfileLogo.swift in Sources */ = {isa = PBXBuildFile; fileRef = 24D3341A2B29B18F00083CCF /* ProfileLogo.swift */; };
		24D3341D2B29B1DE00083CCF /* LogoConfigurable.swift in Sources */ = {isa = PBXBuildFile; fileRef = 24D3341C2B29B1DE00083CCF /* LogoConfigurable.swift */; };
/* End PBXBuildFile section */

/* Begin PBXFileReference section */
		2456993F2B29A140004A5A32 /* LogoControl.app */ = {isa = PBXFileReference; explicitFileType = wrapper.application; includeInIndex = 0; path = LogoControl.app; sourceTree = BUILT_PRODUCTS_DIR; };
		245699422B29A140004A5A32 /* AppDelegate.swift */ = {isa = PBXFileReference; lastKnownFileType = sourcecode.swift; path = AppDelegate.swift; sourceTree = "<group>"; };
		245699442B29A140004A5A32 /* SceneDelegate.swift */ = {isa = PBXFileReference; lastKnownFileType = sourcecode.swift; path = SceneDelegate.swift; sourceTree = "<group>"; };
		245699462B29A140004A5A32 /* ViewController.swift */ = {isa = PBXFileReference; lastKnownFileType = sourcecode.swift; path = ViewController.swift; sourceTree = "<group>"; };
		2456994B2B29A141004A5A32 /* Assets.xcassets */ = {isa = PBXFileReference; lastKnownFileType = folder.assetcatalog; path = Assets.xcassets; sourceTree = "<group>"; };
		2456994E2B29A141004A5A32 /* Base */ = {isa = PBXFileReference; lastKnownFileType = file.storyboard; name = Base; path = Base.lproj/LaunchScreen.storyboard; sourceTree = "<group>"; };
		245699502B29A141004A5A32 /* Info.plist */ = {isa = PBXFileReference; lastKnownFileType = text.plist.xml; path = Info.plist; sourceTree = "<group>"; };
		245699562B29A159004A5A32 /* LogoControl.entitlements */ = {isa = PBXFileReference; lastKnownFileType = text.plist.entitlements; path = LogoControl.entitlements; sourceTree = "<group>"; };
		246BCBAA2B29A4A800C88352 /* LogoControl.swift */ = {isa = PBXFileReference; lastKnownFileType = sourcecode.swift; path = LogoControl.swift; sourceTree = "<group>"; };
		24A94EE32B2A2BDC007DC1A3 /* SwitchControl.swift */ = {isa = PBXFileReference; lastKnownFileType = sourcecode.swift; path = SwitchControl.swift; sourceTree = "<group>"; };
		24A94EEA2B2B2369007DC1A3 /* CGSize+Extensions.swift */ = {isa = PBXFileReference; fileEncoding = 4; lastKnownFileType = sourcecode.swift; path = "CGSize+Extensions.swift"; sourceTree = "<group>"; };
		24A94EEC2B2B2378007DC1A3 /* CGPoint+Extensions.swift */ = {isa = PBXFileReference; fileEncoding = 4; lastKnownFileType = sourcecode.swift; path = "CGPoint+Extensions.swift"; sourceTree = "<group>"; };
		24A94EEE2B2B23FC007DC1A3 /* UIColor+Extensions.swift */ = {isa = PBXFileReference; fileEncoding = 4; lastKnownFileType = sourcecode.swift; path = "UIColor+Extensions.swift"; sourceTree = "<group>"; };
		24AB933B2B2B4BEE007D1DD3 /* LogoControl+BackgroundColorPicker.swift */ = {isa = PBXFileReference; lastKnownFileType = sourcecode.swift; path = "LogoControl+BackgroundColorPicker.swift"; sourceTree = "<group>"; };
		24AB933D2B2B4C23007D1DD3 /* LogoControl+BackgroundColorControl.swift */ = {isa = PBXFileReference; lastKnownFileType = sourcecode.swift; path = "LogoControl+BackgroundColorControl.swift"; sourceTree = "<group>"; };
		24AB933F2B2B4C56007D1DD3 /* LogoControl+FontControl.swift */ = {isa = PBXFileReference; lastKnownFileType = sourcecode.swift; path = "LogoControl+FontControl.swift"; sourceTree = "<group>"; };
		24AB93412B2B4CA4007D1DD3 /* LogoControl+ImageControl.swift */ = {isa = PBXFileReference; lastKnownFileType = sourcecode.swift; path = "LogoControl+ImageControl.swift"; sourceTree = "<group>"; };
		24AB93432B2BC1C5007D1DD3 /* BaseView.swift */ = {isa = PBXFileReference; lastKnownFileType = sourcecode.swift; path = BaseView.swift; sourceTree = "<group>"; };
		24AB93482B2C4129007D1DD3 /* PhotosUI.framework */ = {isa = PBXFileReference; lastKnownFileType = wrapper.framework; name = PhotosUI.framework; path = Platforms/MacOSX.platform/Developer/SDKs/MacOSX14.2.sdk/System/iOSSupport/System/Library/Frameworks/PhotosUI.framework; sourceTree = DEVELOPER_DIR; };
		24AB934A2B2C5CFF007D1DD3 /* LogoControl+ImagePicker.swift */ = {isa = PBXFileReference; lastKnownFileType = sourcecode.swift; path = "LogoControl+ImagePicker.swift"; sourceTree = "<group>"; };
		24D334182B29B17D00083CCF /* TeamSpaceLogo.swift */ = {isa = PBXFileReference; lastKnownFileType = sourcecode.swift; path = TeamSpaceLogo.swift; sourceTree = "<group>"; };
		24D3341A2B29B18F00083CCF /* ProfileLogo.swift */ = {isa = PBXFileReference; lastKnownFileType = sourcecode.swift; path = ProfileLogo.swift; sourceTree = "<group>"; };
		24D3341C2B29B1DE00083CCF /* LogoConfigurable.swift */ = {isa = PBXFileReference; lastKnownFileType = sourcecode.swift; path = LogoConfigurable.swift; sourceTree = "<group>"; };
/* End PBXFileReference section */

/* Begin PBXFrameworksBuildPhase section */
		2456993C2B29A140004A5A32 /* Frameworks */ = {
			isa = PBXFrameworksBuildPhase;
			buildActionMask = 2147483647;
			files = (
			);
			runOnlyForDeploymentPostprocessing = 0;
		};
/* End PBXFrameworksBuildPhase section */

/* Begin PBXGroup section */
		245699362B29A140004A5A32 = {
			isa = PBXGroup;
			children = (
				245699412B29A140004A5A32 /* LogoControl */,
				245699402B29A140004A5A32 /* Products */,
				24AB93472B2C4129007D1DD3 /* Frameworks */,
			);
			sourceTree = "<group>";
		};
		245699402B29A140004A5A32 /* Products */ = {
			isa = PBXGroup;
			children = (
				2456993F2B29A140004A5A32 /* LogoControl.app */,
			);
			name = Products;
			sourceTree = "<group>";
		};
		245699412B29A140004A5A32 /* LogoControl */ = {
			isa = PBXGroup;
			children = (
				24A94EF02B2B2400007DC1A3 /* Extensions */,
				24A94EE72B2B1AF2007DC1A3 /* LogoControl */,
				245699562B29A159004A5A32 /* LogoControl.entitlements */,
				245699422B29A140004A5A32 /* AppDelegate.swift */,
				245699442B29A140004A5A32 /* SceneDelegate.swift */,
				245699462B29A140004A5A32 /* ViewController.swift */,
				24A94EE32B2A2BDC007DC1A3 /* SwitchControl.swift */,
				2456994B2B29A141004A5A32 /* Assets.xcassets */,
				2456994D2B29A141004A5A32 /* LaunchScreen.storyboard */,
				245699502B29A141004A5A32 /* Info.plist */,
				24D334182B29B17D00083CCF /* TeamSpaceLogo.swift */,
				24D3341A2B29B18F00083CCF /* ProfileLogo.swift */,
				24D3341C2B29B1DE00083CCF /* LogoConfigurable.swift */,
				24AB93432B2BC1C5007D1DD3 /* BaseView.swift */,
			);
			path = LogoControl;
			sourceTree = "<group>";
		};
		24A94EE72B2B1AF2007DC1A3 /* LogoControl */ = {
			isa = PBXGroup;
			children = (
				246BCBAA2B29A4A800C88352 /* LogoControl.swift */,
				24AB933B2B2B4BEE007D1DD3 /* LogoControl+BackgroundColorPicker.swift */,
				24AB933D2B2B4C23007D1DD3 /* LogoControl+BackgroundColorControl.swift */,
				24AB933F2B2B4C56007D1DD3 /* LogoControl+FontControl.swift */,
				24AB93412B2B4CA4007D1DD3 /* LogoControl+ImageControl.swift */,
				24AB934A2B2C5CFF007D1DD3 /* LogoControl+ImagePicker.swift */,
			);
			path = LogoControl;
			sourceTree = "<group>";
		};
		24A94EF02B2B2400007DC1A3 /* Extensions */ = {
			isa = PBXGroup;
			children = (
				24A94EEA2B2B2369007DC1A3 /* CGSize+Extensions.swift */,
				24A94EEC2B2B2378007DC1A3 /* CGPoint+Extensions.swift */,
				24A94EEE2B2B23FC007DC1A3 /* UIColor+Extensions.swift */,
			);
			path = Extensions;
			sourceTree = "<group>";
		};
		24AB93472B2C4129007D1DD3 /* Frameworks */ = {
			isa = PBXGroup;
			children = (
				24AB93482B2C4129007D1DD3 /* PhotosUI.framework */,
			);
			name = Frameworks;
			sourceTree = "<group>";
		};
/* End PBXGroup section */

/* Begin PBXNativeTarget section */
		2456993E2B29A140004A5A32 /* LogoControl */ = {
			isa = PBXNativeTarget;
			buildConfigurationList = 245699532B29A141004A5A32 /* Build configuration list for PBXNativeTarget "LogoControl" */;
			buildPhases = (
				2456993B2B29A140004A5A32 /* Sources */,
				2456993C2B29A140004A5A32 /* Frameworks */,
				2456993D2B29A140004A5A32 /* Resources */,
			);
			buildRules = (
			);
			dependencies = (
			);
			name = LogoControl;
			productName = LogoControl;
			productReference = 2456993F2B29A140004A5A32 /* LogoControl.app */;
			productType = "com.apple.product-type.application";
		};
/* End PBXNativeTarget section */

/* Begin PBXProject section */
		245699372B29A140004A5A32 /* Project object */ = {
			isa = PBXProject;
			attributes = {
				BuildIndependentTargetsInParallel = 1;
				LastSwiftUpdateCheck = 1420;
				LastUpgradeCheck = 1510;
				TargetAttributes = {
					2456993E2B29A140004A5A32 = {
						CreatedOnToolsVersion = 14.2;
					};
				};
			};
			buildConfigurationList = 2456993A2B29A140004A5A32 /* Build configuration list for PBXProject "LogoControl" */;
			compatibilityVersion = "Xcode 14.0";
			developmentRegion = en;
			hasScannedForEncodings = 0;
			knownRegions = (
				en,
				Base,
			);
			mainGroup = 245699362B29A140004A5A32;
			productRefGroup = 245699402B29A140004A5A32 /* Products */;
			projectDirPath = "";
			projectRoot = "";
			targets = (
				2456993E2B29A140004A5A32 /* LogoControl */,
			);
		};
/* End PBXProject section */

/* Begin PBXResourcesBuildPhase section */
		2456993D2B29A140004A5A32 /* Resources */ = {
			isa = PBXResourcesBuildPhase;
			buildActionMask = 2147483647;
			files = (
				2456994F2B29A141004A5A32 /* LaunchScreen.storyboard in Resources */,
				2456994C2B29A141004A5A32 /* Assets.xcassets in Resources */,
			);
			runOnlyForDeploymentPostprocessing = 0;
		};
/* End PBXResourcesBuildPhase section */

/* Begin PBXSourcesBuildPhase section */
		2456993B2B29A140004A5A32 /* Sources */ = {
			isa = PBXSourcesBuildPhase;
			buildActionMask = 2147483647;
			files = (
				24D3341B2B29B18F00083CCF /* ProfileLogo.swift in Sources */,
				24A94EE42B2A2BDC007DC1A3 /* SwitchControl.swift in Sources */,
				24A94EEB2B2B2369007DC1A3 /* CGSize+Extensions.swift in Sources */,
				24D334192B29B17D00083CCF /* TeamSpaceLogo.swift in Sources */,
				24D3341D2B29B1DE00083CCF /* LogoConfigurable.swift in Sources */,
				24AB933C2B2B4BEE007D1DD3 /* LogoControl+BackgroundColorPicker.swift in Sources */,
				245699472B29A140004A5A32 /* ViewController.swift in Sources */,
				24A94EEF2B2B23FC007DC1A3 /* UIColor+Extensions.swift in Sources */,
				245699432B29A140004A5A32 /* AppDelegate.swift in Sources */,
				24AB93422B2B4CA4007D1DD3 /* LogoControl+ImageControl.swift in Sources */,
				246BCBAB2B29A4A800C88352 /* LogoControl.swift in Sources */,
				24A94EED2B2B2378007DC1A3 /* CGPoint+Extensions.swift in Sources */,
				24AB934B2B2C5CFF007D1DD3 /* LogoControl+ImagePicker.swift in Sources */,
				24AB93402B2B4C56007D1DD3 /* LogoControl+FontControl.swift in Sources */,
				24AB933E2B2B4C23007D1DD3 /* LogoControl+BackgroundColorControl.swift in Sources */,
				245699452B29A140004A5A32 /* SceneDelegate.swift in Sources */,
				24AB93442B2BC1C5007D1DD3 /* BaseView.swift in Sources */,
			);
			runOnlyForDeploymentPostprocessing = 0;
		};
/* End PBXSourcesBuildPhase section */

/* Begin PBXVariantGroup section */
		2456994D2B29A141004A5A32 /* LaunchScreen.storyboard */ = {
			isa = PBXVariantGroup;
			children = (
				2456994E2B29A141004A5A32 /* Base */,
			);
			name = LaunchScreen.storyboard;
			sourceTree = "<group>";
		};
/* End PBXVariantGroup section */

/* Begin XCBuildConfiguration section */
		245699512B29A141004A5A32 /* Debug */ = {
			isa = XCBuildConfiguration;
			buildSettings = {
				ALWAYS_SEARCH_USER_PATHS = NO;
				CLANG_ANALYZER_NONNULL = YES;
				CLANG_ANALYZER_NUMBER_OBJECT_CONVERSION = YES_AGGRESSIVE;
				CLANG_CXX_LANGUAGE_STANDARD = "gnu++20";
				CLANG_ENABLE_MODULES = YES;
				CLANG_ENABLE_OBJC_ARC = YES;
				CLANG_ENABLE_OBJC_WEAK = YES;
				CLANG_WARN_BLOCK_CAPTURE_AUTORELEASING = YES;
				CLANG_WARN_BOOL_CONVERSION = YES;
				CLANG_WARN_COMMA = YES;
				CLANG_WARN_CONSTANT_CONVERSION = YES;
				CLANG_WARN_DEPRECATED_OBJC_IMPLEMENTATIONS = YES;
				CLANG_WARN_DIRECT_OBJC_ISA_USAGE = YES_ERROR;
				CLANG_WARN_DOCUMENTATION_COMMENTS = YES;
				CLANG_WARN_EMPTY_BODY = YES;
				CLANG_WARN_ENUM_CONVERSION = YES;
				CLANG_WARN_INFINITE_RECURSION = YES;
				CLANG_WARN_INT_CONVERSION = YES;
				CLANG_WARN_NON_LITERAL_NULL_CONVERSION = YES;
				CLANG_WARN_OBJC_IMPLICIT_RETAIN_SELF = YES;
				CLANG_WARN_OBJC_LITERAL_CONVERSION = YES;
				CLANG_WARN_OBJC_ROOT_CLASS = YES_ERROR;
				CLANG_WARN_QUOTED_INCLUDE_IN_FRAMEWORK_HEADER = YES;
				CLANG_WARN_RANGE_LOOP_ANALYSIS = YES;
				CLANG_WARN_STRICT_PROTOTYPES = YES;
				CLANG_WARN_SUSPICIOUS_MOVE = YES;
				CLANG_WARN_UNGUARDED_AVAILABILITY = YES_AGGRESSIVE;
				CLANG_WARN_UNREACHABLE_CODE = YES;
				CLANG_WARN__DUPLICATE_METHOD_MATCH = YES;
				COPY_PHASE_STRIP = NO;
				DEBUG_INFORMATION_FORMAT = dwarf;
				ENABLE_STRICT_OBJC_MSGSEND = YES;
				ENABLE_TESTABILITY = YES;
				ENABLE_USER_SCRIPT_SANDBOXING = YES;
				GCC_C_LANGUAGE_STANDARD = gnu11;
				GCC_DYNAMIC_NO_PIC = NO;
				GCC_NO_COMMON_BLOCKS = YES;
				GCC_OPTIMIZATION_LEVEL = 0;
				GCC_PREPROCESSOR_DEFINITIONS = (
					"DEBUG=1",
					"$(inherited)",
				);
				GCC_WARN_64_TO_32_BIT_CONVERSION = YES;
				GCC_WARN_ABOUT_RETURN_TYPE = YES_ERROR;
				GCC_WARN_UNDECLARED_SELECTOR = YES;
				GCC_WARN_UNINITIALIZED_AUTOS = YES_AGGRESSIVE;
				GCC_WARN_UNUSED_FUNCTION = YES;
				GCC_WARN_UNUSED_VARIABLE = YES;
				IPHONEOS_DEPLOYMENT_TARGET = 16.2;
				MTL_ENABLE_DEBUG_INFO = INCLUDE_SOURCE;
				MTL_FAST_MATH = YES;
				ONLY_ACTIVE_ARCH = YES;
				SDKROOT = iphoneos;
				SWIFT_ACTIVE_COMPILATION_CONDITIONS = DEBUG;
				SWIFT_OPTIMIZATION_LEVEL = "-Onone";
			};
			name = Debug;
		};
		245699522B29A141004A5A32 /* Release */ = {
			isa = XCBuildConfiguration;
			buildSettings = {
				ALWAYS_SEARCH_USER_PATHS = NO;
				CLANG_ANALYZER_NONNULL = YES;
				CLANG_ANALYZER_NUMBER_OBJECT_CONVERSION = YES_AGGRESSIVE;
				CLANG_CXX_LANGUAGE_STANDARD = "gnu++20";
				CLANG_ENABLE_MODULES = YES;
				CLANG_ENABLE_OBJC_ARC = YES;
				CLANG_ENABLE_OBJC_WEAK = YES;
				CLANG_WARN_BLOCK_CAPTURE_AUTORELEASING = YES;
				CLANG_WARN_BOOL_CONVERSION = YES;
				CLANG_WARN_COMMA = YES;
				CLANG_WARN_CONSTANT_CONVERSION = YES;
				CLANG_WARN_DEPRECATED_OBJC_IMPLEMENTATIONS = YES;
				CLANG_WARN_DIRECT_OBJC_ISA_USAGE = YES_ERROR;
				CLANG_WARN_DOCUMENTATION_COMMENTS = YES;
				CLANG_WARN_EMPTY_BODY = YES;
				CLANG_WARN_ENUM_CONVERSION = YES;
				CLANG_WARN_INFINITE_RECURSION = YES;
				CLANG_WARN_INT_CONVERSION = YES;
				CLANG_WARN_NON_LITERAL_NULL_CONVERSION = YES;
				CLANG_WARN_OBJC_IMPLICIT_RETAIN_SELF = YES;
				CLANG_WARN_OBJC_LITERAL_CONVERSION = YES;
				CLANG_WARN_OBJC_ROOT_CLASS = YES_ERROR;
				CLANG_WARN_QUOTED_INCLUDE_IN_FRAMEWORK_HEADER = YES;
				CLANG_WARN_RANGE_LOOP_ANALYSIS = YES;
				CLANG_WARN_STRICT_PROTOTYPES = YES;
				CLANG_WARN_SUSPICIOUS_MOVE = YES;
				CLANG_WARN_UNGUARDED_AVAILABILITY = YES_AGGRESSIVE;
				CLANG_WARN_UNREACHABLE_CODE = YES;
				CLANG_WARN__DUPLICATE_METHOD_MATCH = YES;
				COPY_PHASE_STRIP = NO;
				DEBUG_INFORMATION_FORMAT = "dwarf-with-dsym";
				ENABLE_NS_ASSERTIONS = NO;
				ENABLE_STRICT_OBJC_MSGSEND = YES;
				ENABLE_USER_SCRIPT_SANDBOXING = YES;
				GCC_C_LANGUAGE_STANDARD = gnu11;
				GCC_NO_COMMON_BLOCKS = YES;
				GCC_WARN_64_TO_32_BIT_CONVERSION = YES;
				GCC_WARN_ABOUT_RETURN_TYPE = YES_ERROR;
				GCC_WARN_UNDECLARED_SELECTOR = YES;
				GCC_WARN_UNINITIALIZED_AUTOS = YES_AGGRESSIVE;
				GCC_WARN_UNUSED_FUNCTION = YES;
				GCC_WARN_UNUSED_VARIABLE = YES;
				IPHONEOS_DEPLOYMENT_TARGET = 16.2;
				MTL_ENABLE_DEBUG_INFO = NO;
				MTL_FAST_MATH = YES;
				SDKROOT = iphoneos;
				SWIFT_COMPILATION_MODE = wholemodule;
				SWIFT_OPTIMIZATION_LEVEL = "-O";
				VALIDATE_PRODUCT = YES;
			};
			name = Release;
		};
		245699542B29A141004A5A32 /* Debug */ = {
			isa = XCBuildConfiguration;
			buildSettings = {
				ASSETCATALOG_COMPILER_APPICON_NAME = AppIcon;
				ASSETCATALOG_COMPILER_GLOBAL_ACCENT_COLOR_NAME = AccentColor;
				CODE_SIGN_ENTITLEMENTS = LogoControl/LogoControl.entitlements;
				CODE_SIGN_STYLE = Automatic;
				CURRENT_PROJECT_VERSION = 1;
				DEVELOPMENT_TEAM = XZT6P8DQ87;
				GENERATE_INFOPLIST_FILE = YES;
				INFOPLIST_FILE = LogoControl/Info.plist;
				INFOPLIST_KEY_UIApplicationSupportsIndirectInputEvents = YES;
				INFOPLIST_KEY_UILaunchStoryboardName = LaunchScreen;
				INFOPLIST_KEY_UISupportedInterfaceOrientations_iPad = "UIInterfaceOrientationPortrait UIInterfaceOrientationPortraitUpsideDown UIInterfaceOrientationLandscapeLeft UIInterfaceOrientationLandscapeRight";
				INFOPLIST_KEY_UISupportedInterfaceOrientations_iPhone = "UIInterfaceOrientationPortrait UIInterfaceOrientationLandscapeLeft UIInterfaceOrientationLandscapeRight";
				IPHONEOS_DEPLOYMENT_TARGET = 16.0;
				LD_RUNPATH_SEARCH_PATHS = (
					"$(inherited)",
					"@executable_path/Frameworks",
				);
				MARKETING_VERSION = 1.0;
				PRODUCT_BUNDLE_IDENTIFIER = com.nikolabozhkov.LogoControl;
				PRODUCT_NAME = "$(TARGET_NAME)";
				SUPPORTED_PLATFORMS = "iphoneos iphonesimulator";
				SUPPORTS_MACCATALYST = YES;
				SUPPORTS_MAC_DESIGNED_FOR_IPHONE_IPAD = NO;
				SWIFT_EMIT_LOC_STRINGS = YES;
				SWIFT_VERSION = 5.0;
				TARGETED_DEVICE_FAMILY = "1,2";
			};
			name = Debug;
		};
		245699552B29A141004A5A32 /* Release */ = {
			isa = XCBuildConfiguration;
			buildSettings = {
				ASSETCATALOG_COMPILER_APPICON_NAME = AppIcon;
				ASSETCATALOG_COMPILER_GLOBAL_ACCENT_COLOR_NAME = AccentColor;
				CODE_SIGN_ENTITLEMENTS = LogoControl/LogoControl.entitlements;
				CODE_SIGN_STYLE = Automatic;
				CURRENT_PROJECT_VERSION = 1;
				DEVELOPMENT_TEAM = XZT6P8DQ87;
				GENERATE_INFOPLIST_FILE = YES;
				INFOPLIST_FILE = LogoControl/Info.plist;
				INFOPLIST_KEY_UIApplicationSupportsIndirectInputEvents = YES;
				INFOPLIST_KEY_UILaunchStoryboardName = LaunchScreen;
				INFOPLIST_KEY_UISupportedInterfaceOrientations_iPad = "UIInterfaceOrientationPortrait UIInterfaceOrientationPortraitUpsideDown UIInterfaceOrientationLandscapeLeft UIInterfaceOrientationLandscapeRight";
				INFOPLIST_KEY_UISupportedInterfaceOrientations_iPhone = "UIInterfaceOrientationPortrait UIInterfaceOrientationLandscapeLeft UIInterfaceOrientationLandscapeRight";
				IPHONEOS_DEPLOYMENT_TARGET = 16.0;
				LD_RUNPATH_SEARCH_PATHS = (
					"$(inherited)",
					"@executable_path/Frameworks",
				);
				MARKETING_VERSION = 1.0;
				PRODUCT_BUNDLE_IDENTIFIER = com.nikolabozhkov.LogoControl;
				PRODUCT_NAME = "$(TARGET_NAME)";
				SUPPORTED_PLATFORMS = "iphoneos iphonesimulator";
				SUPPORTS_MACCATALYST = YES;
				SUPPORTS_MAC_DESIGNED_FOR_IPHONE_IPAD = NO;
				SWIFT_EMIT_LOC_STRINGS = YES;
				SWIFT_VERSION = 5.0;
				TARGETED_DEVICE_FAMILY = "1,2";
			};
			name = Release;
		};
/* End XCBuildConfiguration section */

/* Begin XCConfigurationList section */
		2456993A2B29A140004A5A32 /* Build configuration list for PBXProject "LogoControl" */ = {
			isa = XCConfigurationList;
			buildConfigurations = (
				245699512B29A141004A5A32 /* Debug */,
				245699522B29A141004A5A32 /* Release */,
			);
			defaultConfigurationIsVisible = 0;
			defaultConfigurationName = Release;
		};
		245699532B29A141004A5A32 /* Build configuration list for PBXNativeTarget "LogoControl" */ = {
			isa = XCConfigurationList;
			buildConfigurations = (
				245699542B29A141004A5A32 /* Debug */,
				245699552B29A141004A5A32 /* Release */,
			);
			defaultConfigurationIsVisible = 0;
			defaultConfigurationName = Release;
		};
/* End XCConfigurationList section */
	};
	rootObject = 245699372B29A140004A5A32 /* Project object */;
}
